
Microsoft Visual Studio Solution File, Format Version 12.00
# Visual Studio Version 16
VisualStudioVersion = 16.0.29201.188
MinimumVisualStudioVersion = 10.0.40219.1
Project("{FAE04EC0-301F-11D3-BF4B-00C04F79EFBC}") = "semana09.Android", "semana09\semana09.Android\semana09.Android.csproj", "{5FE87117-FB01-4EA4-BC6D-D7894D8B7442}"
EndProject
Project("{FAE04EC0-301F-11D3-BF4B-00C04F79EFBC}") = "semana09.iOS", "semana09\semana09.iOS\semana09.iOS.csproj", "{567F2FB6-3D5A-4982-81A7-22E6E8CBC8FC}"
EndProject
Project("{FAE04EC0-301F-11D3-BF4B-00C04F79EFBC}") = "semana09", "semana09\semana09\semana09.csproj", "{FC1B7ACD-8DE6-415B-9ACD-4DA6F0394B7A}"
EndProject
Global
	GlobalSection(SolutionConfigurationPlatforms) = preSolution
		Debug|Any CPU = Debug|Any CPU
		Debug|iPhone = Debug|iPhone
		Debug|iPhoneSimulator = Debug|iPhoneSimulator
		Release|Any CPU = Release|Any CPU
		Release|iPhone = Release|iPhone
		Release|iPhoneSimulator = Release|iPhoneSimulator
	EndGlobalSection
	GlobalSection(ProjectConfigurationPlatforms) = postSolution
		{5FE87117-FB01-4EA4-BC6D-D7894D8B7442}.Debug|Any CPU.ActiveCfg = Debug|Any CPU
		{5FE87117-FB01-4EA4-BC6D-D7894D8B7442}.Debug|Any CPU.Build.0 = Debug|Any CPU
		{5FE87117-FB01-4EA4-BC6D-D7894D8B7442}.Debug|Any CPU.Deploy.0 = Debug|Any CPU
		{5FE87117-FB01-4EA4-BC6D-D7894D8B7442}.Debug|iPhone.ActiveCfg = Debug|Any CPU
		{5FE87117-FB01-4EA4-BC6D-D7894D8B7442}.Debug|iPhone.Build.0 = Debug|Any CPU
		{5FE87117-FB01-4EA4-BC6D-D7894D8B7442}.Debug|iPhone.Deploy.0 = Debug|Any CPU
		{5FE87117-FB01-4EA4-BC6D-D7894D8B7442}.Debug|iPhoneSimulator.ActiveCfg = Debug|Any CPU
		{5FE87117-FB01-4EA4-BC6D-D7894D8B7442}.Debug|iPhoneSimulator.Build.0 = Debug|Any CPU
		{5FE87117-FB01-4EA4-BC6D-D7894D8B7442}.Debug|iPhoneSimulator.Deploy.0 = Debug|Any CPU
		{5FE87117-FB01-4EA4-BC6D-D7894D8B7442}.Release|Any CPU.ActiveCfg = Release|Any CPU
		{5FE87117-FB01-4EA4-BC6D-D7894D8B7442}.Release|Any CPU.Build.0 = Release|Any CPU
		{5FE87117-FB01-4EA4-BC6D-D7894D8B7442}.Release|Any CPU.Deploy.0 = Release|Any CPU
		{5FE87117-FB01-4EA4-BC6D-D7894D8B7442}.Release|iPhone.ActiveCfg = Release|Any CPU
		{5FE87117-FB01-4EA4-BC6D-D7894D8B7442}.Release|iPhone.Build.0 = Release|Any CPU
		{5FE87117-FB01-4EA4-BC6D-D7894D8B7442}.Release|iPhone.Deploy.0 = Release|Any CPU
		{5FE87117-FB01-4EA4-BC6D-D7894D8B7442}.Release|iPhoneSimulator.ActiveCfg = Release|Any CPU
		{5FE87117-FB01-4EA4-BC6D-D7894D8B7442}.Release|iPhoneSimulator.Build.0 = Release|Any CPU
		{5FE87117-FB01-4EA4-BC6D-D7894D8B7442}.Release|iPhoneSimulator.Deploy.0 = Release|Any CPU
		{567F2FB6-3D5A-4982-81A7-22E6E8CBC8FC}.Debug|Any CPU.ActiveCfg = Debug|iPhoneSimulator
		{567F2FB6-3D5A-4982-81A7-22E6E8CBC8FC}.Debug|Any CPU.Build.0 = Debug|iPhoneSimulator
		{567F2FB6-3D5A-4982-81A7-22E6E8CBC8FC}.Debug|Any CPU.Deploy.0 = Debug|iPhoneSimulator
		{567F2FB6-3D5A-4982-81A7-22E6E8CBC8FC}.Debug|iPhone.ActiveCfg = Debug|iPhone
		{567F2FB6-3D5A-4982-81A7-22E6E8CBC8FC}.Debug|iPhone.Build.0 = Debug|iPhone
		{567F2FB6-3D5A-4982-81A7-22E6E8CBC8FC}.Debug|iPhone.Deploy.0 = Debug|iPhone
		{567F2FB6-3D5A-4982-81A7-22E6E8CBC8FC}.Debug|iPhoneSimulator.ActiveCfg = Debug|iPhoneSimulator
		{567F2FB6-3D5A-4982-81A7-22E6E8CBC8FC}.Debug|iPhoneSimulator.Build.0 = Debug|iPhoneSimulator
		{567F2FB6-3D5A-4982-81A7-22E6E8CBC8FC}.Debug|iPhoneSimulator.Deploy.0 = Debug|iPhoneSimulator
		{567F2FB6-3D5A-4982-81A7-22E6E8CBC8FC}.Release|Any CPU.ActiveCfg = Release|iPhone
		{567F2FB6-3D5A-4982-81A7-22E6E8CBC8FC}.Release|Any CPU.Build.0 = Release|iPhone
		{567F2FB6-3D5A-4982-81A7-22E6E8CBC8FC}.Release|Any CPU.Deploy.0 = Release|iPhone
		{567F2FB6-3D5A-4982-81A7-22E6E8CBC8FC}.Release|iPhone.ActiveCfg = Release|iPhone
		{567F2FB6-3D5A-4982-81A7-22E6E8CBC8FC}.Release|iPhone.Build.0 = Release|iPhone
		{567F2FB6-3D5A-4982-81A7-22E6E8CBC8FC}.Release|iPhone.Deploy.0 = Release|iPhone
		{567F2FB6-3D5A-4982-81A7-22E6E8CBC8FC}.Release|iPhoneSimulator.ActiveCfg = Release|iPhoneSimulator
		{567F2FB6-3D5A-4982-81A7-22E6E8CBC8FC}.Release|iPhoneSimulator.Build.0 = Release|iPhoneSimulator
		{567F2FB6-3D5A-4982-81A7-22E6E8CBC8FC}.Release|iPhoneSimulator.Deploy.0 = Release|iPhoneSimulator
		{FC1B7ACD-8DE6-415B-9ACD-4DA6F0394B7A}.Debug|Any CPU.ActiveCfg = Debug|Any CPU
		{FC1B7ACD-8DE6-415B-9ACD-4DA6F0394B7A}.Debug|Any CPU.Build.0 = Debug|Any CPU
		{FC1B7ACD-8DE6-415B-9ACD-4DA6F0394B7A}.Debug|Any CPU.Deploy.0 = Debug|Any CPU
		{FC1B7ACD-8DE6-415B-9ACD-4DA6F0394B7A}.Debug|iPhone.ActiveCfg = Debug|Any CPU
		{FC1B7ACD-8DE6-415B-9ACD-4DA6F0394B7A}.Debug|iPhone.Build.0 = Debug|Any CPU
		{FC1B7ACD-8DE6-415B-9ACD-4DA6F0394B7A}.Debug|iPhone.Deploy.0 = Debug|Any CPU
		{FC1B7ACD-8DE6-415B-9ACD-4DA6F0394B7A}.Debug|iPhoneSimulator.ActiveCfg = Debug|Any CPU
		{FC1B7ACD-8DE6-415B-9ACD-4DA6F0394B7A}.Debug|iPhoneSimulator.Build.0 = Debug|Any CPU
		{FC1B7ACD-8DE6-415B-9ACD-4DA6F0394B7A}.Debug|iPhoneSimulator.Deploy.0 = Debug|Any CPU
		{FC1B7ACD-8DE6-415B-9ACD-4DA6F0394B7A}.Release|Any CPU.ActiveCfg = Release|Any CPU
		{FC1B7ACD-8DE6-415B-9ACD-4DA6F0394B7A}.Release|Any CPU.Build.0 = Release|Any CPU
		{FC1B7ACD-8DE6-415B-9ACD-4DA6F0394B7A}.Release|Any CPU.Deploy.0 = Release|Any CPU
		{FC1B7ACD-8DE6-415B-9ACD-4DA6F0394B7A}.Release|iPhone.ActiveCfg = Release|Any CPU
		{FC1B7ACD-8DE6-415B-9ACD-4DA6F0394B7A}.Release|iPhone.Build.0 = Release|Any CPU
		{FC1B7ACD-8DE6-415B-9ACD-4DA6F0394B7A}.Release|iPhone.Deploy.0 = Release|Any CPU
		{FC1B7ACD-8DE6-415B-9ACD-4DA6F0394B7A}.Release|iPhoneSimulator.ActiveCfg = Release|Any CPU
		{FC1B7ACD-8DE6-415B-9ACD-4DA6F0394B7A}.Release|iPhoneSimulator.Build.0 = Release|Any CPU
		{FC1B7ACD-8DE6-415B-9ACD-4DA6F0394B7A}.Release|iPhoneSimulator.Deploy.0 = Release|Any CPU
	EndGlobalSection
	GlobalSection(SolutionProperties) = preSolution
		HideSolutionNode = FALSE
	EndGlobalSection
	GlobalSection(ExtensibilityGlobals) = postSolution
		SolutionGuid = {D3C94535-418F-4FFA-8C99-26E063018956}
	EndGlobalSection
EndGlobal
